<?xml version="1.0" encoding="utf-8"?>
<Project ToolsVersion="4.0" xmlns="http://schemas.microsoft.com/developer/msbuild/2003">
  <ItemGroup>
    <ClCompile Include="pch.cpp" />
    <ClCompile Include="qlogicae\cor1\tests\sources\abstract_class.cpp" />
    <ClCompile Include="qlogicae\cor1\tests\sources\all.cpp" />
    <ClCompile Include="qlogicae\cor1\tests\sources\application.cpp" />
    <ClCompile Include="qlogicae\cor1\tests\sources\assembly.cpp" />
    <ClCompile Include="qlogicae\cor1\tests\sources\error_manager.cpp" />
    <ClCompile Include="qlogicae\cor1\tests\sources\singleton_manager.cpp" />
    <ClCompile Include="qlogicae\cor1\tests\sources\results.cpp" />
    <ClCompile Include="qlogicae\cor1\tests\sources\results_status_enum_manager.cpp" />
    <ClCompile Include="main.cpp" />
  </ItemGroup>
  <ItemGroup>
    <ClInclude Include="pch.hpp" />
    <ClInclude Include="qlogicae\cor1\tests\resources\application.h" />
    <ClInclude Include="qlogicae\cor1\tests\includes\xml_file_io_manager.hpp" />
    <ClInclude Include="qlogicae\cor1\tests\includes\abstract_class.hpp" />
    <ClInclude Include="qlogicae\cor1\tests\includes\aes256_cipher_cryptography_manager.hpp" />
    <ClInclude Include="qlogicae\cor1\tests\includes\all.hpp" />
    <ClInclude Include="qlogicae\cor1\tests\includes\application.hpp" />
    <ClInclude Include="qlogicae\cor1\tests\includes\argon2id_hash_cryptography_manager.hpp" />
    <ClInclude Include="qlogicae\cor1\tests\includes\assembly.hpp" />
    <ClInclude Include="qlogicae\cor1\tests\includes\asynchronous_batch_manager.hpp" />
    <ClInclude Include="qlogicae\cor1\tests\includes\asynchronous_manager.hpp" />
    <ClInclude Include="qlogicae\cor1\tests\includes\bcrypt_hash_cryptography_manager.hpp" />
    <ClInclude Include="qlogicae\cor1\tests\includes\binary_file_io_manager.hpp" />
    <ClInclude Include="qlogicae\cor1\tests\includes\character_domain_enum_manager.hpp" />
    <ClInclude Include="qlogicae\cor1\tests\includes\character_domain_manager.hpp" />
    <ClInclude Include="qlogicae\cor1\tests\includes\configuration_manager.hpp" />
    <ClInclude Include="qlogicae\cor1\tests\includes\console_io_manager.hpp" />
    <ClInclude Include="qlogicae\cor1\tests\includes\console_log_manager.hpp" />
    <ClInclude Include="qlogicae\cor1\tests\includes\csv_file_io_manager.hpp" />
    <ClInclude Include="qlogicae\cor1\tests\includes\curl_package_manager.hpp" />
    <ClInclude Include="qlogicae\cor1\tests\includes\edsca_signature_cryptography_manager.hpp" />
    <ClInclude Include="qlogicae\cor1\tests\includes\email_body_enum_manager.hpp" />
    <ClInclude Include="qlogicae\cor1\tests\includes\email_security_enum_manager.hpp" />
    <ClInclude Include="qlogicae\cor1\tests\includes\entity_activation_manager.hpp" />
    <ClInclude Include="qlogicae\cor1\tests\includes\entity_activation_status_enum_manager.hpp" />
    <ClInclude Include="qlogicae\cor1\tests\includes\enum_manager.hpp" />
    <ClInclude Include="qlogicae\cor1\tests\includes\error_manager.hpp" />
    <ClInclude Include="qlogicae\cor1\tests\includes\excel_file_io_manager.hpp" />
    <ClInclude Include="qlogicae\cor1\tests\includes\file_log_manager.hpp" />
    <ClInclude Include="qlogicae\cor1\tests\includes\file_system_entity_enum_manager.hpp" />
    <ClInclude Include="qlogicae\cor1\tests\includes\file_system_manager.hpp" />
    <ClInclude Include="qlogicae\cor1\tests\includes\function_wrapper.hpp" />
    <ClInclude Include="qlogicae\cor1\tests\includes\gmail_api_manager.hpp" />
    <ClInclude Include="qlogicae\cor1\tests\includes\interval_clock.hpp" />
    <ClInclude Include="qlogicae\cor1\tests\includes\json_file_io_manager.hpp" />
    <ClInclude Include="qlogicae\cor1\tests\includes\json_text_manager.hpp" />
    <ClInclude Include="qlogicae\cor1\tests\includes\jsonwebtoken_cryptography_manager.hpp" />
    <ClInclude Include="qlogicae\cor1\tests\includes\log_format_enum_manager.hpp" />
    <ClInclude Include="qlogicae\cor1\tests\includes\log_level_enum_manager.hpp" />
    <ClInclude Include="qlogicae\cor1\tests\includes\log_medium_enum_manager.hpp" />
    <ClInclude Include="qlogicae\cor1\tests\includes\log_output_enum_manager.hpp" />
    <ClInclude Include="qlogicae\cor1\tests\includes\mutex_manager.hpp" />
    <ClInclude Include="qlogicae\cor1\tests\includes\network_ping_manager.hpp" />
    <ClInclude Include="qlogicae\cor1\tests\includes\onnx_api_manager.hpp" />
    <ClInclude Include="qlogicae\cor1\tests\includes\random_character_generation_manager.hpp" />
    <ClInclude Include="qlogicae\cor1\tests\includes\random_enum_generation_manager.hpp" />
    <ClInclude Include="qlogicae\cor1\tests\includes\random_number_generation_manager.hpp" />
    <ClInclude Include="qlogicae\cor1\tests\includes\random_seed_generation_manager.hpp" />
    <ClInclude Include="qlogicae\cor1\tests\includes\random_string_generation_manager.hpp" />
    <ClInclude Include="qlogicae\cor1\tests\includes\random_value_generation_manager.hpp" />
    <ClInclude Include="qlogicae\cor1\tests\includes\regular_expression_manager.hpp" />
    <ClInclude Include="qlogicae\cor1\tests\includes\rest_api_manager.hpp" />
    <ClInclude Include="qlogicae\cor1\tests\includes\results.hpp" />
    <ClInclude Include="qlogicae\cor1\tests\includes\results_status_enum_manager.hpp" />
    <ClInclude Include="qlogicae\cor1\tests\includes\rocksdb_database_manager.hpp" />
    <ClInclude Include="qlogicae\cor1\tests\includes\runtime_execution_manager.hpp" />
    <ClInclude Include="qlogicae\cor1\tests\includes\sha256_hash_cryptography_manager.hpp" />
    <ClInclude Include="qlogicae\cor1\tests\includes\singleton_manager.hpp" />
    <ClInclude Include="qlogicae\cor1\tests\includes\sodium_package_manager.hpp" />
    <ClInclude Include="qlogicae\cor1\tests\includes\sqlite_database_manager.hpp" />
    <ClInclude Include="qlogicae\cor1\tests\includes\temperature_manager.hpp" />
    <ClInclude Include="qlogicae\cor1\tests\includes\temperature_unit_enum_manager.hpp" />
    <ClInclude Include="qlogicae\cor1\tests\includes\text_case_enum_manager.hpp" />
    <ClInclude Include="qlogicae\cor1\tests\includes\text_case_manager.hpp" />
    <ClInclude Include="qlogicae\cor1\tests\includes\text_encoding_enum_manager.hpp" />
    <ClInclude Include="qlogicae\cor1\tests\includes\text_encoding_manager.hpp" />
    <ClInclude Include="qlogicae\cor1\tests\includes\text_error_manager.hpp" />
    <ClInclude Include="qlogicae\cor1\tests\includes\text_file_io_manager.hpp" />
    <ClInclude Include="qlogicae\cor1\tests\includes\text_key_path_manager.hpp" />
    <ClInclude Include="qlogicae\cor1\tests\includes\text_log_manager.hpp" />
    <ClInclude Include="qlogicae\cor1\tests\includes\text_manager.hpp" />
    <ClInclude Include="qlogicae\cor1\tests\includes\text_placeholder_manager.hpp" />
    <ClInclude Include="qlogicae\cor1\tests\includes\time_format_enum_manager.hpp" />
    <ClInclude Include="qlogicae\cor1\tests\includes\time_manager.hpp" />
    <ClInclude Include="qlogicae\cor1\tests\includes\time_scale_unit_enum_manager.hpp" />
    <ClInclude Include="qlogicae\cor1\tests\includes\time_zone_enum_manager.hpp" />
    <ClInclude Include="qlogicae\cor1\tests\includes\timeout_clock.hpp" />
    <ClInclude Include="qlogicae\cor1\tests\includes\toml_file_io_manager.hpp" />
    <ClInclude Include="qlogicae\cor1\tests\includes\uuid_enum_manager.hpp" />
    <ClInclude Include="qlogicae\cor1\tests\includes\uuid_manager.hpp" />
    <ClInclude Include="qlogicae\cor1\tests\includes\validation_manager.hpp" />
    <ClInclude Include="qlogicae\cor1\tests\includes\value_extractor_manager.hpp" />
    <ClInclude Include="qlogicae\cor1\tests\includes\windows_environment_variable_enum_manager.hpp" />
    <ClInclude Include="qlogicae\cor1\tests\includes\windows_environment_variable_manager.hpp" />
    <ClInclude Include="qlogicae\cor1\tests\includes\windows_registry_manager.hpp" />
    <ClInclude Include="qlogicae\cor1\tests\includes\windows_registry_root_path_enum_manager.hpp" />
    <ClInclude Include="qlogicae\cor1\tests\includes\windows_system_access_manager.hpp" />
    <ClInclude Include="qlogicae\cor1\tests\includes\xchacha20_poly1305_cipher_cryptography_manager.hpp" />
    <ClInclude Include="qlogicae\cor1\tests\includes\precompiled_headers.hpp" />
    <ClInclude Include="main.hpp" />
  </ItemGroup>
  <ItemGroup>
    <None Include="packages.config" />
  </ItemGroup>
  <ItemGroup>
    <Filter Include="qlogicae">
      <UniqueIdentifier>{63dbc2e2-4e98-4632-9cb4-2b8b5a4ac1f7}</UniqueIdentifier>
    </Filter>
  </ItemGroup>
  <ItemGroup>
    <ResourceCompile Include="qlogicae\cor1\tests\resources\application.rc" />
  </ItemGroup>
  <ItemGroup>
    <CopyFileToFolders Include="model.onnx" />
  </ItemGroup>
</Project>