<?xml version="1.0" encoding="utf-8"?>
<Project ToolsVersion="4.0" xmlns="http://schemas.microsoft.com/developer/msbuild/2003">
  <ItemGroup>
    <ClCompile Include="main.cpp" />
    <ClCompile Include="pch.cpp" />
    <ClCompile Include="qlogicae_cpp_core_test\sources\text_log_manager.cpp" />
  </ItemGroup>
  <ItemGroup>
    <ClInclude Include="main.hpp" />
    <ClInclude Include="pch.hpp" />
    <ClInclude Include="qlogicae_cpp_core_test\resources\application.h" />
    <ClInclude Include="qlogicae_cpp_core_test\includes\rocksdb_database_manager.hpp" />
    <ClInclude Include="qlogicae_cpp_core_test\includes\abstract_class.hpp" />
    <ClInclude Include="qlogicae_cpp_core_test\includes\aes256_cipher_cryptography_manager.hpp" />
    <ClInclude Include="qlogicae_cpp_core_test\includes\all.hpp" />
    <ClInclude Include="qlogicae_cpp_core_test\includes\application.hpp" />
    <ClInclude Include="qlogicae_cpp_core_test\includes\argon2id_hash_cryptography_manager.hpp" />
    <ClInclude Include="qlogicae_cpp_core_test\includes\assembly.hpp" />
    <ClInclude Include="qlogicae_cpp_core_test\includes\asynchronous_manager.hpp" />
    <ClInclude Include="qlogicae_cpp_core_test\includes\bcrypt_hash_cryptography_manager.hpp" />
    <ClInclude Include="qlogicae_cpp_core_test\includes\character_domain_enum_manager.hpp" />
    <ClInclude Include="qlogicae_cpp_core_test\includes\character_domain_manager.hpp" />
    <ClInclude Include="qlogicae_cpp_core_test\includes\configuration_manager.hpp" />
    <ClInclude Include="qlogicae_cpp_core_test\includes\console_io_manager.hpp" />
    <ClInclude Include="qlogicae_cpp_core_test\includes\enum_manager.hpp" />
    <ClInclude Include="qlogicae_cpp_core_test\includes\error_manager.hpp" />
    <ClInclude Include="qlogicae_cpp_core_test\includes\file_system_entity_enum_manager.hpp" />
    <ClInclude Include="qlogicae_cpp_core_test\includes\file_system_manager.hpp" />
    <ClInclude Include="qlogicae_cpp_core_test\includes\function_wrapper.hpp" />
    <ClInclude Include="qlogicae_cpp_core_test\includes\interval_clock.hpp" />
    <ClInclude Include="qlogicae_cpp_core_test\includes\log_format_enum_manager.hpp" />
    <ClInclude Include="qlogicae_cpp_core_test\includes\log_level_enum_manager.hpp" />
    <ClInclude Include="qlogicae_cpp_core_test\includes\log_medium_enum_manager.hpp" />
    <ClInclude Include="qlogicae_cpp_core_test\includes\log_output_enum_manager.hpp" />
    <ClInclude Include="qlogicae_cpp_core_test\includes\mutex_manager.hpp" />
    <ClInclude Include="qlogicae_cpp_core_test\includes\network_ping_manager.hpp" />
    <ClInclude Include="qlogicae_cpp_core_test\includes\random_character_generation_manager.hpp" />
    <ClInclude Include="qlogicae_cpp_core_test\includes\regular_expression_manager.hpp" />
    <ClInclude Include="qlogicae_cpp_core_test\includes\results.hpp" />
    <ClInclude Include="qlogicae_cpp_core_test\includes\results_status_enum_manager.hpp" />
    <ClInclude Include="qlogicae_cpp_core_test\includes\xchacha20_poly1305_cipher_cryptography_manager.hpp" />
    <ClInclude Include="qlogicae_cpp_core_test\includes\runtime_execution_manager.hpp" />
    <ClInclude Include="qlogicae_cpp_core_test\includes\sha256_hash_cryptography_manager.hpp" />
    <ClInclude Include="qlogicae_cpp_core_test\includes\singleton_manager.hpp" />
    <ClInclude Include="qlogicae_cpp_core_test\includes\temperature_manager.hpp" />
    <ClInclude Include="qlogicae_cpp_core_test\includes\temperature_unit_enum_manager.hpp" />
    <ClInclude Include="qlogicae_cpp_core_test\includes\text_case_enum_manager.hpp" />
    <ClInclude Include="qlogicae_cpp_core_test\includes\text_case_manager.hpp" />
    <ClInclude Include="qlogicae_cpp_core_test\includes\text_encoding_enum_manager.hpp" />
    <ClInclude Include="qlogicae_cpp_core_test\includes\text_encoding_manager.hpp" />
    <ClInclude Include="qlogicae_cpp_core_test\includes\text_error_manager.hpp" />
    <ClInclude Include="qlogicae_cpp_core_test\includes\text_log_manager.hpp" />
    <ClInclude Include="qlogicae_cpp_core_test\includes\text_manager.hpp" />
    <ClInclude Include="qlogicae_cpp_core_test\includes\text_placeholder_manager.hpp" />
    <ClInclude Include="qlogicae_cpp_core_test\includes\time_format_enum_manager.hpp" />
    <ClInclude Include="qlogicae_cpp_core_test\includes\time_manager.hpp" />
    <ClInclude Include="qlogicae_cpp_core_test\includes\time_scale_unit_enum_manager.hpp" />
    <ClInclude Include="qlogicae_cpp_core_test\includes\time_zone_enum_manager.hpp" />
    <ClInclude Include="qlogicae_cpp_core_test\includes\timeout_clock.hpp" />
    <ClInclude Include="qlogicae_cpp_core_test\includes\uuid_enum_manager.hpp" />
    <ClInclude Include="qlogicae_cpp_core_test\includes\uuid_manager.hpp" />
    <ClInclude Include="qlogicae_cpp_core_test\includes\validation_manager.hpp" />
    <ClInclude Include="qlogicae_cpp_core_test\includes\value_extractor_manager.hpp" />
    <ClInclude Include="qlogicae_cpp_core_test\includes\windows_environment_variable_enum_manager.hpp" />
    <ClInclude Include="qlogicae_cpp_core_test\includes\windows_environment_variable_manager.hpp" />
    <ClInclude Include="qlogicae_cpp_core_test\includes\windows_registry_manager.hpp" />
    <ClInclude Include="qlogicae_cpp_core_test\includes\windows_registry_root_path_enum_manager.hpp" />
    <ClInclude Include="qlogicae_cpp_core_test\includes\windows_system_access_manager.hpp" />
  </ItemGroup>
  <ItemGroup>
    <None Include="packages.config" />
  </ItemGroup>
  <ItemGroup>
    <Filter Include="qlogicae">
      <UniqueIdentifier>{63dbc2e2-4e98-4632-9cb4-2b8b5a4ac1f7}</UniqueIdentifier>
    </Filter>
  </ItemGroup>
  <ItemGroup>
    <MASM Include="qlogicae_cpp_core_test\assembly\x64_masm__main.asm" />
  </ItemGroup>
  <ItemGroup>
    <ResourceCompile Include="qlogicae_cpp_core_test\resources\application.rc" />
  </ItemGroup>
</Project>